
Microsoft Visual Studio Solution File, Format Version 12.00
# Visual Studio 15
VisualStudioVersion = 15.0.26730.12
MinimumVisualStudioVersion = 10.0.40219.1
Project("{FAE04EC0-301F-11D3-BF4B-00C04F79EFBC}") = "TestEmgu", "TestEmgu\TestEmgu.csproj", "{48D3EB48-8478-4088-A32D-7CF859154BD3}"
EndProject
Project("{FAE04EC0-301F-11D3-BF4B-00C04F79EFBC}") = "Playvideo", "Playvideo\Playvideo.csproj", "{FE41F14B-174A-4C73-BBCB-7C150AE5B025}"
EndProject
Project("{FAE04EC0-301F-11D3-BF4B-00C04F79EFBC}") = "ImageSubtraction", "ImageSubtraction\ImageSubtraction.csproj", "{B2654F2B-6226-487B-AFE5-D852D6C6B4D7}"
EndProject
Project("{FAE04EC0-301F-11D3-BF4B-00C04F79EFBC}") = "mouse", "mouse\mouse.csproj", "{9DD70D54-AB2B-4169-ABC2-505005F82433}"
EndProject
Project("{FAE04EC0-301F-11D3-BF4B-00C04F79EFBC}") = "MultipleObjectTracking", "MultipleObjectTracking\MultipleObjectTracking.csproj", "{49AB2FF4-3AC7-4AB6-8526-209620D580CA}"
EndProject
Project("{FAE04EC0-301F-11D3-BF4B-00C04F79EFBC}") = "car", "car\car.csproj", "{2DDE11B0-8916-4356-AAC1-AFE109297FA0}"
EndProject
Project("{FAE04EC0-301F-11D3-BF4B-00C04F79EFBC}") = "cam_counting", "cam_counting\cam_counting.csproj", "{E67D544E-CDE6-478C-B562-AE64D2A01CDE}"
EndProject
Project("{FAE04EC0-301F-11D3-BF4B-00C04F79EFBC}") = "cam_counting_test", "Test\cam_counting_test.csproj", "{E3F540E0-D0A2-4C49-898A-44232D7C82F7}"
EndProject
Project("{FAE04EC0-301F-11D3-BF4B-00C04F79EFBC}") = "RayCastAlgo", "RayCastAlgo\RayCastAlgo.csproj", "{52666F34-E54A-4E47-A5D6-021728822CD4}"
EndProject
Project("{FAE04EC0-301F-11D3-BF4B-00C04F79EFBC}") = "car-haar-cascades", "car-haar-cascades\car-haar-cascades.csproj", "{8CB6B8A6-F0AE-4AE6-9913-4146BD0F46C1}"
EndProject
Global
	GlobalSection(SolutionConfigurationPlatforms) = preSolution
		Debug|Any CPU = Debug|Any CPU
		Debug|x64 = Debug|x64
		Debug|x86 = Debug|x86
		Release|Any CPU = Release|Any CPU
		Release|x64 = Release|x64
		Release|x86 = Release|x86
	EndGlobalSection
	GlobalSection(ProjectConfigurationPlatforms) = postSolution
		{48D3EB48-8478-4088-A32D-7CF859154BD3}.Debug|Any CPU.ActiveCfg = Debug|Any CPU
		{48D3EB48-8478-4088-A32D-7CF859154BD3}.Debug|Any CPU.Build.0 = Debug|Any CPU
		{48D3EB48-8478-4088-A32D-7CF859154BD3}.Debug|x64.ActiveCfg = Debug|x64
		{48D3EB48-8478-4088-A32D-7CF859154BD3}.Debug|x64.Build.0 = Debug|x64
		{48D3EB48-8478-4088-A32D-7CF859154BD3}.Debug|x86.ActiveCfg = Debug|Any CPU
		{48D3EB48-8478-4088-A32D-7CF859154BD3}.Debug|x86.Build.0 = Debug|Any CPU
		{48D3EB48-8478-4088-A32D-7CF859154BD3}.Release|Any CPU.ActiveCfg = Release|Any CPU
		{48D3EB48-8478-4088-A32D-7CF859154BD3}.Release|Any CPU.Build.0 = Release|Any CPU
		{48D3EB48-8478-4088-A32D-7CF859154BD3}.Release|x64.ActiveCfg = Release|x64
		{48D3EB48-8478-4088-A32D-7CF859154BD3}.Release|x64.Build.0 = Release|x64
		{48D3EB48-8478-4088-A32D-7CF859154BD3}.Release|x86.ActiveCfg = Release|Any CPU
		{48D3EB48-8478-4088-A32D-7CF859154BD3}.Release|x86.Build.0 = Release|Any CPU
		{FE41F14B-174A-4C73-BBCB-7C150AE5B025}.Debug|Any CPU.ActiveCfg = Debug|Any CPU
		{FE41F14B-174A-4C73-BBCB-7C150AE5B025}.Debug|Any CPU.Build.0 = Debug|Any CPU
		{FE41F14B-174A-4C73-BBCB-7C150AE5B025}.Debug|x64.ActiveCfg = Debug|Any CPU
		{FE41F14B-174A-4C73-BBCB-7C150AE5B025}.Debug|x64.Build.0 = Debug|Any CPU
		{FE41F14B-174A-4C73-BBCB-7C150AE5B025}.Debug|x86.ActiveCfg = Debug|Any CPU
		{FE41F14B-174A-4C73-BBCB-7C150AE5B025}.Debug|x86.Build.0 = Debug|Any CPU
		{FE41F14B-174A-4C73-BBCB-7C150AE5B025}.Release|Any CPU.ActiveCfg = Release|Any CPU
		{FE41F14B-174A-4C73-BBCB-7C150AE5B025}.Release|Any CPU.Build.0 = Release|Any CPU
		{FE41F14B-174A-4C73-BBCB-7C150AE5B025}.Release|x64.ActiveCfg = Release|Any CPU
		{FE41F14B-174A-4C73-BBCB-7C150AE5B025}.Release|x64.Build.0 = Release|Any CPU
		{FE41F14B-174A-4C73-BBCB-7C150AE5B025}.Release|x86.ActiveCfg = Release|Any CPU
		{FE41F14B-174A-4C73-BBCB-7C150AE5B025}.Release|x86.Build.0 = Release|Any CPU
		{B2654F2B-6226-487B-AFE5-D852D6C6B4D7}.Debug|Any CPU.ActiveCfg = Debug|Any CPU
		{B2654F2B-6226-487B-AFE5-D852D6C6B4D7}.Debug|Any CPU.Build.0 = Debug|Any CPU
		{B2654F2B-6226-487B-AFE5-D852D6C6B4D7}.Debug|x64.ActiveCfg = Debug|Any CPU
		{B2654F2B-6226-487B-AFE5-D852D6C6B4D7}.Debug|x64.Build.0 = Debug|Any CPU
		{B2654F2B-6226-487B-AFE5-D852D6C6B4D7}.Debug|x86.ActiveCfg = Debug|Any CPU
		{B2654F2B-6226-487B-AFE5-D852D6C6B4D7}.Debug|x86.Build.0 = Debug|Any CPU
		{B2654F2B-6226-487B-AFE5-D852D6C6B4D7}.Release|Any CPU.ActiveCfg = Release|Any CPU
		{B2654F2B-6226-487B-AFE5-D852D6C6B4D7}.Release|Any CPU.Build.0 = Release|Any CPU
		{B2654F2B-6226-487B-AFE5-D852D6C6B4D7}.Release|x64.ActiveCfg = Release|Any CPU
		{B2654F2B-6226-487B-AFE5-D852D6C6B4D7}.Release|x64.Build.0 = Release|Any CPU
		{B2654F2B-6226-487B-AFE5-D852D6C6B4D7}.Release|x86.ActiveCfg = Release|Any CPU
		{B2654F2B-6226-487B-AFE5-D852D6C6B4D7}.Release|x86.Build.0 = Release|Any CPU
		{9DD70D54-AB2B-4169-ABC2-505005F82433}.Debug|Any CPU.ActiveCfg = Debug|Any CPU
		{9DD70D54-AB2B-4169-ABC2-505005F82433}.Debug|Any CPU.Build.0 = Debug|Any CPU
		{9DD70D54-AB2B-4169-ABC2-505005F82433}.Debug|x64.ActiveCfg = Debug|Any CPU
		{9DD70D54-AB2B-4169-ABC2-505005F82433}.Debug|x64.Build.0 = Debug|Any CPU
		{9DD70D54-AB2B-4169-ABC2-505005F82433}.Debug|x86.ActiveCfg = Debug|Any CPU
		{9DD70D54-AB2B-4169-ABC2-505005F82433}.Debug|x86.Build.0 = Debug|Any CPU
		{9DD70D54-AB2B-4169-ABC2-505005F82433}.Release|Any CPU.ActiveCfg = Release|Any CPU
		{9DD70D54-AB2B-4169-ABC2-505005F82433}.Release|Any CPU.Build.0 = Release|Any CPU
		{9DD70D54-AB2B-4169-ABC2-505005F82433}.Release|x64.ActiveCfg = Release|Any CPU
		{9DD70D54-AB2B-4169-ABC2-505005F82433}.Release|x64.Build.0 = Release|Any CPU
		{9DD70D54-AB2B-4169-ABC2-505005F82433}.Release|x86.ActiveCfg = Release|Any CPU
		{9DD70D54-AB2B-4169-ABC2-505005F82433}.Release|x86.Build.0 = Release|Any CPU
		{49AB2FF4-3AC7-4AB6-8526-209620D580CA}.Debug|Any CPU.ActiveCfg = Debug|Any CPU
		{49AB2FF4-3AC7-4AB6-8526-209620D580CA}.Debug|Any CPU.Build.0 = Debug|Any CPU
		{49AB2FF4-3AC7-4AB6-8526-209620D580CA}.Debug|x64.ActiveCfg = Debug|Any CPU
		{49AB2FF4-3AC7-4AB6-8526-209620D580CA}.Debug|x64.Build.0 = Debug|Any CPU
		{49AB2FF4-3AC7-4AB6-8526-209620D580CA}.Debug|x86.ActiveCfg = Debug|Any CPU
		{49AB2FF4-3AC7-4AB6-8526-209620D580CA}.Debug|x86.Build.0 = Debug|Any CPU
		{49AB2FF4-3AC7-4AB6-8526-209620D580CA}.Release|Any CPU.ActiveCfg = Release|Any CPU
		{49AB2FF4-3AC7-4AB6-8526-209620D580CA}.Release|Any CPU.Build.0 = Release|Any CPU
		{49AB2FF4-3AC7-4AB6-8526-209620D580CA}.Release|x64.ActiveCfg = Release|Any CPU
		{49AB2FF4-3AC7-4AB6-8526-209620D580CA}.Release|x64.Build.0 = Release|Any CPU
		{49AB2FF4-3AC7-4AB6-8526-209620D580CA}.Release|x86.ActiveCfg = Release|Any CPU
		{49AB2FF4-3AC7-4AB6-8526-209620D580CA}.Release|x86.Build.0 = Release|Any CPU
		{2DDE11B0-8916-4356-AAC1-AFE109297FA0}.Debug|Any CPU.ActiveCfg = Debug|Any CPU
		{2DDE11B0-8916-4356-AAC1-AFE109297FA0}.Debug|Any CPU.Build.0 = Debug|Any CPU
		{2DDE11B0-8916-4356-AAC1-AFE109297FA0}.Debug|x64.ActiveCfg = Debug|Any CPU
		{2DDE11B0-8916-4356-AAC1-AFE109297FA0}.Debug|x64.Build.0 = Debug|Any CPU
		{2DDE11B0-8916-4356-AAC1-AFE109297FA0}.Debug|x86.ActiveCfg = Debug|Any CPU
		{2DDE11B0-8916-4356-AAC1-AFE109297FA0}.Debug|x86.Build.0 = Debug|Any CPU
		{2DDE11B0-8916-4356-AAC1-AFE109297FA0}.Release|Any CPU.ActiveCfg = Release|Any CPU
		{2DDE11B0-8916-4356-AAC1-AFE109297FA0}.Release|Any CPU.Build.0 = Release|Any CPU
		{2DDE11B0-8916-4356-AAC1-AFE109297FA0}.Release|x64.ActiveCfg = Release|Any CPU
		{2DDE11B0-8916-4356-AAC1-AFE109297FA0}.Release|x64.Build.0 = Release|Any CPU
		{2DDE11B0-8916-4356-AAC1-AFE109297FA0}.Release|x86.ActiveCfg = Release|Any CPU
		{2DDE11B0-8916-4356-AAC1-AFE109297FA0}.Release|x86.Build.0 = Release|Any CPU
		{E67D544E-CDE6-478C-B562-AE64D2A01CDE}.Debug|Any CPU.ActiveCfg = Debug|Any CPU
		{E67D544E-CDE6-478C-B562-AE64D2A01CDE}.Debug|Any CPU.Build.0 = Debug|Any CPU
		{E67D544E-CDE6-478C-B562-AE64D2A01CDE}.Debug|x64.ActiveCfg = Debug|x64
		{E67D544E-CDE6-478C-B562-AE64D2A01CDE}.Debug|x64.Build.0 = Debug|x64
		{E67D544E-CDE6-478C-B562-AE64D2A01CDE}.Debug|x86.ActiveCfg = Debug|Any CPU
		{E67D544E-CDE6-478C-B562-AE64D2A01CDE}.Debug|x86.Build.0 = Debug|Any CPU
		{E67D544E-CDE6-478C-B562-AE64D2A01CDE}.Release|Any CPU.ActiveCfg = Release|Any CPU
		{E67D544E-CDE6-478C-B562-AE64D2A01CDE}.Release|Any CPU.Build.0 = Release|Any CPU
		{E67D544E-CDE6-478C-B562-AE64D2A01CDE}.Release|x64.ActiveCfg = Release|x64
		{E67D544E-CDE6-478C-B562-AE64D2A01CDE}.Release|x64.Build.0 = Release|x64
		{E67D544E-CDE6-478C-B562-AE64D2A01CDE}.Release|x86.ActiveCfg = Release|Any CPU
		{E67D544E-CDE6-478C-B562-AE64D2A01CDE}.Release|x86.Build.0 = Release|Any CPU
		{E3F540E0-D0A2-4C49-898A-44232D7C82F7}.Debug|Any CPU.ActiveCfg = Debug|Any CPU
		{E3F540E0-D0A2-4C49-898A-44232D7C82F7}.Debug|Any CPU.Build.0 = Debug|Any CPU
		{E3F540E0-D0A2-4C49-898A-44232D7C82F7}.Debug|x64.ActiveCfg = Debug|Any CPU
		{E3F540E0-D0A2-4C49-898A-44232D7C82F7}.Debug|x64.Build.0 = Debug|Any CPU
		{E3F540E0-D0A2-4C49-898A-44232D7C82F7}.Debug|x86.ActiveCfg = Debug|Any CPU
		{E3F540E0-D0A2-4C49-898A-44232D7C82F7}.Debug|x86.Build.0 = Debug|Any CPU
		{E3F540E0-D0A2-4C49-898A-44232D7C82F7}.Release|Any CPU.ActiveCfg = Release|Any CPU
		{E3F540E0-D0A2-4C49-898A-44232D7C82F7}.Release|Any CPU.Build.0 = Release|Any CPU
		{E3F540E0-D0A2-4C49-898A-44232D7C82F7}.Release|x64.ActiveCfg = Release|Any CPU
		{E3F540E0-D0A2-4C49-898A-44232D7C82F7}.Release|x64.Build.0 = Release|Any CPU
		{E3F540E0-D0A2-4C49-898A-44232D7C82F7}.Release|x86.ActiveCfg = Release|Any CPU
		{E3F540E0-D0A2-4C49-898A-44232D7C82F7}.Release|x86.Build.0 = Release|Any CPU
		{52666F34-E54A-4E47-A5D6-021728822CD4}.Debug|Any CPU.ActiveCfg = Debug|Any CPU
		{52666F34-E54A-4E47-A5D6-021728822CD4}.Debug|Any CPU.Build.0 = Debug|Any CPU
		{52666F34-E54A-4E47-A5D6-021728822CD4}.Debug|x64.ActiveCfg = Debug|Any CPU
		{52666F34-E54A-4E47-A5D6-021728822CD4}.Debug|x64.Build.0 = Debug|Any CPU
		{52666F34-E54A-4E47-A5D6-021728822CD4}.Debug|x86.ActiveCfg = Debug|Any CPU
		{52666F34-E54A-4E47-A5D6-021728822CD4}.Debug|x86.Build.0 = Debug|Any CPU
		{52666F34-E54A-4E47-A5D6-021728822CD4}.Release|Any CPU.ActiveCfg = Release|Any CPU
		{52666F34-E54A-4E47-A5D6-021728822CD4}.Release|Any CPU.Build.0 = Release|Any CPU
		{52666F34-E54A-4E47-A5D6-021728822CD4}.Release|x64.ActiveCfg = Release|Any CPU
		{52666F34-E54A-4E47-A5D6-021728822CD4}.Release|x64.Build.0 = Release|Any CPU
		{52666F34-E54A-4E47-A5D6-021728822CD4}.Release|x86.ActiveCfg = Release|Any CPU
		{52666F34-E54A-4E47-A5D6-021728822CD4}.Release|x86.Build.0 = Release|Any CPU
		{8CB6B8A6-F0AE-4AE6-9913-4146BD0F46C1}.Debug|Any CPU.ActiveCfg = Debug|Any CPU
		{8CB6B8A6-F0AE-4AE6-9913-4146BD0F46C1}.Debug|Any CPU.Build.0 = Debug|Any CPU
		{8CB6B8A6-F0AE-4AE6-9913-4146BD0F46C1}.Debug|x64.ActiveCfg = Debug|Any CPU
		{8CB6B8A6-F0AE-4AE6-9913-4146BD0F46C1}.Debug|x64.Build.0 = Debug|Any CPU
		{8CB6B8A6-F0AE-4AE6-9913-4146BD0F46C1}.Debug|x86.ActiveCfg = Debug|Any CPU
		{8CB6B8A6-F0AE-4AE6-9913-4146BD0F46C1}.Debug|x86.Build.0 = Debug|Any CPU
		{8CB6B8A6-F0AE-4AE6-9913-4146BD0F46C1}.Release|Any CPU.ActiveCfg = Release|Any CPU
		{8CB6B8A6-F0AE-4AE6-9913-4146BD0F46C1}.Release|Any CPU.Build.0 = Release|Any CPU
		{8CB6B8A6-F0AE-4AE6-9913-4146BD0F46C1}.Release|x64.ActiveCfg = Release|Any CPU
		{8CB6B8A6-F0AE-4AE6-9913-4146BD0F46C1}.Release|x64.Build.0 = Release|Any CPU
		{8CB6B8A6-F0AE-4AE6-9913-4146BD0F46C1}.Release|x86.ActiveCfg = Release|Any CPU
		{8CB6B8A6-F0AE-4AE6-9913-4146BD0F46C1}.Release|x86.Build.0 = Release|Any CPU
	EndGlobalSection
	GlobalSection(SolutionProperties) = preSolution
		HideSolutionNode = FALSE
	EndGlobalSection
	GlobalSection(ExtensibilityGlobals) = postSolution
		SolutionGuid = {30CF7F8E-73BE-48EB-AABB-F25B1B264C9C}
	EndGlobalSection
EndGlobal
